
Microsoft Visual Studio Solution File, Format Version 12.00
# Visual Studio Version 16
VisualStudioVersion = 16.0.30907.101
MinimumVisualStudioVersion = 10.0.40219.1
Project("{F184B08F-C81C-45F6-A57F-5ABD9991F28F}") = "WeeklyAssignment1", "WeeklyAssignment1.vbproj", "{31DDB207-6ADF-40EA-8D02-3D47ACEEEC5A}"
EndProject
Global
	GlobalSection(SolutionConfigurationPlatforms) = preSolution
		Debug|Any CPU = Debug|Any CPU
		Release|Any CPU = Release|Any CPU
	EndGlobalSection
	GlobalSection(ProjectConfigurationPlatforms) = postSolution
		{31DDB207-6ADF-40EA-8D02-3D47ACEEEC5A}.Debug|Any CPU.ActiveCfg = Debug|Any CPU
		{31DDB207-6ADF-40EA-8D02-3D47ACEEEC5A}.Debug|Any CPU.Build.0 = Debug|Any CPU
		{31DDB207-6ADF-40EA-8D02-3D47ACEEEC5A}.Release|Any CPU.ActiveCfg = Release|Any CPU
		{31DDB207-6ADF-40EA-8D02-3D47ACEEEC5A}.Release|Any CPU.Build.0 = Release|Any CPU
	EndGlobalSection
	GlobalSection(SolutionProperties) = preSolution
		HideSolutionNode = FALSE
	EndGlobalSection
	GlobalSection(ExtensibilityGlobals) = postSolution
		SolutionGuid = {73024570-D646-4E46-943A-4BCE30EEFD1B}
	EndGlobalSection
EndGlobal
